
Microsoft Visual Studio Solution File, Format Version 12.00
# Visual Studio Version 17
VisualStudioVersion = 17.13.35828.75 d17.13
MinimumVisualStudioVersion = 10.0.40219.1
Project("{FAE04EC0-301F-11D3-BF4B-00C04F79EFBC}") = "EventEaseApp", "EventEaseApp.csproj", "{472941A8-0722-4AC3-A778-9806178C75EE}"
EndProject
Global
	GlobalSection(SolutionConfigurationPlatforms) = preSolution
		Debug|Any CPU = Debug|Any CPU
		Release|Any CPU = Release|Any CPU
	EndGlobalSection
	GlobalSection(ProjectConfigurationPlatforms) = postSolution
		{472941A8-0722-4AC3-A778-9806178C75EE}.Debug|Any CPU.ActiveCfg = Debug|Any CPU
		{472941A8-0722-4AC3-A778-9806178C75EE}.Debug|Any CPU.Build.0 = Debug|Any CPU
		{472941A8-0722-4AC3-A778-9806178C75EE}.Release|Any CPU.ActiveCfg = Release|Any CPU
		{472941A8-0722-4AC3-A778-9806178C75EE}.Release|Any CPU.Build.0 = Release|Any CPU
	EndGlobalSection
	GlobalSection(SolutionProperties) = preSolution
		HideSolutionNode = FALSE
	EndGlobalSection
	GlobalSection(ExtensibilityGlobals) = postSolution
		SolutionGuid = {54DB11B7-46C9-4269-A391-ADEA3134C6CA}
	EndGlobalSection
EndGlobal
